// !$*UTF8*$!
{
	archiveVersion = 1;
	classes = {
	};
	objectVersion = 55;
	objects = {

/* Begin PBXBuildFile section */
		31070A4A2880E0800016D4E1 /* TapToPayScreen.swift in Sources */ = {isa = PBXBuildFile; fileRef = 31070A492880E0800016D4E1 /* TapToPayScreen.swift */; };
		31070A4C2880E95F0016D4E1 /* PostsaleScreen.swift in Sources */ = {isa = PBXBuildFile; fileRef = 31070A4B2880E95F0016D4E1 /* PostsaleScreen.swift */; };
		31092EAF2877333C0073BF68 /* Protected.swift in Sources */ = {isa = PBXBuildFile; fileRef = 31092EAE2877333C0073BF68 /* Protected.swift */; };
		311F779F28749084002C27D5 /* RootDomain.swift in Sources */ = {isa = PBXBuildFile; fileRef = 311F779E28749084002C27D5 /* RootDomain.swift */; };
		311F77A128749120002C27D5 /* Reducer.swift in Sources */ = {isa = PBXBuildFile; fileRef = 311F77A028749120002C27D5 /* Reducer.swift */; };
		313E67A0289AFB0600D0641F /* PaymentAmountView.swift in Sources */ = {isa = PBXBuildFile; fileRef = 313E679F289AFB0600D0641F /* PaymentAmountView.swift */; };
		3141B139289D6D9800E39DE3 /* AmountStateTests.swift in Sources */ = {isa = PBXBuildFile; fileRef = 3141B138289D6D9800E39DE3 /* AmountStateTests.swift */; };
		3141B13B289D9A1800E39DE3 /* ActionButtonStyle.swift in Sources */ = {isa = PBXBuildFile; fileRef = 3141B13A289D9A1800E39DE3 /* ActionButtonStyle.swift */; };
		3156E25028AC1B5A00767801 /* EmailTextField.swift in Sources */ = {isa = PBXBuildFile; fileRef = 3156E24F28AC1B5A00767801 /* EmailTextField.swift */; };
		3156E25228AC1B7900767801 /* ErrorText.swift in Sources */ = {isa = PBXBuildFile; fileRef = 3156E25128AC1B7900767801 /* ErrorText.swift */; };
		3159F53228AEFF8400266BCE /* TransactionDetailsScreen.swift in Sources */ = {isa = PBXBuildFile; fileRef = 3159F53128AEFF8400266BCE /* TransactionDetailsScreen.swift */; };
		3163008628AFE41400E062CD /* TransactionSummary.swift in Sources */ = {isa = PBXBuildFile; fileRef = 3163008528AFE41400E062CD /* TransactionSummary.swift */; };
		31731A9028A2FCB6004988A9 /* LoadingScreen.swift in Sources */ = {isa = PBXBuildFile; fileRef = 31731A8F28A2FCB6004988A9 /* LoadingScreen.swift */; };
		317FCA43286A15E30002BE85 /* Extensions.swift in Sources */ = {isa = PBXBuildFile; fileRef = 317FCA42286A15E30002BE85 /* Extensions.swift */; };
		318D60F228E246BE00FCB6C5 /* Nothing.swift in Sources */ = {isa = PBXBuildFile; fileRef = 318D60F128E246BE00FCB6C5 /* Nothing.swift */; };
		3192204828B67885002139D4 /* ActivityProgressViewStyle.swift in Sources */ = {isa = PBXBuildFile; fileRef = 3192204728B67885002139D4 /* ActivityProgressViewStyle.swift */; };
		31924720287497FF00B0F442 /* Store.swift in Sources */ = {isa = PBXBuildFile; fileRef = 3192471F287497FF00B0F442 /* Store.swift */; };
		31938AFB2864E30C0063E122 /* AutobooksAPI.swift in Sources */ = {isa = PBXBuildFile; fileRef = 31938AFA2864E30C0063E122 /* AutobooksAPI.swift */; };
		31938AFD2864F5970063E122 /* Models.swift in Sources */ = {isa = PBXBuildFile; fileRef = 31938AFC2864F5970063E122 /* Models.swift */; };
		31938AFF2865114F0063E122 /* AutobooksAPITests.swift in Sources */ = {isa = PBXBuildFile; fileRef = 31938AFE2865114F0063E122 /* AutobooksAPITests.swift */; };
		31938B012865146B0063E122 /* Stubbing.swift in Sources */ = {isa = PBXBuildFile; fileRef = 31938B002865146B0063E122 /* Stubbing.swift */; };
		31938B03286514D10063E122 /* Requests.swift in Sources */ = {isa = PBXBuildFile; fileRef = 31938B02286514D10063E122 /* Requests.swift */; };
		31A737E628F9ED360007CEA3 /* WebFeatureViewController.swift in Sources */ = {isa = PBXBuildFile; fileRef = 31A737E528F9ED360007CEA3 /* WebFeatureViewController.swift */; };
		31ACDBDE2885E1D5000A95BA /* RootStoreTests.swift in Sources */ = {isa = PBXBuildFile; fileRef = 31ACDBDD2885E1D5000A95BA /* RootStoreTests.swift */; };
		31BE8CA528AD6EE400F4C13A /* TransactionsScreen.swift in Sources */ = {isa = PBXBuildFile; fileRef = 31BE8CA428AD6EE400F4C13A /* TransactionsScreen.swift */; };
		31C6F53B28A40ADA00718F12 /* WebViewScreen.swift in Sources */ = {isa = PBXBuildFile; fileRef = 31C6F53A28A40ADA00718F12 /* WebViewScreen.swift */; };
		31C6F53D28A40B5C00718F12 /* NotEnabledScreen.swift in Sources */ = {isa = PBXBuildFile; fileRef = 31C6F53C28A40B5C00718F12 /* NotEnabledScreen.swift */; };
		31C7AD5D28B555BE004CDC3E /* Defaults.swift in Sources */ = {isa = PBXBuildFile; fileRef = 31C7AD5C28B555BE004CDC3E /* Defaults.swift */; };
		31C7AD5F28B5577C004CDC3E /* StartingScreen.swift in Sources */ = {isa = PBXBuildFile; fileRef = 31C7AD5E28B5577C004CDC3E /* StartingScreen.swift */; };
		31C7AD6128B55840004CDC3E /* MessageActionView.swift in Sources */ = {isa = PBXBuildFile; fileRef = 31C7AD6028B55840004CDC3E /* MessageActionView.swift */; };
		31C9B67828F89CEC00B73C0B /* WebView.swift in Sources */ = {isa = PBXBuildFile; fileRef = 31C9B67728F89CEC00B73C0B /* WebView.swift */; };
		31CD9EA5287DC18000C8936B /* Loadable.swift in Sources */ = {isa = PBXBuildFile; fileRef = 31CD9EA4287DC18000C8936B /* Loadable.swift */; };
		31CD9EA7287DEC8D00C8936B /* PresaleScreen.swift in Sources */ = {isa = PBXBuildFile; fileRef = 31CD9EA6287DEC8D00C8936B /* PresaleScreen.swift */; };
		31CD9EAC287E14E600C8936B /* PaymentSession.swift in Sources */ = {isa = PBXBuildFile; fileRef = 31CD9EAB287E14E600C8936B /* PaymentSession.swift */; };
		31CD9EAF287F7F6A00C8936B /* StoreTests.swift in Sources */ = {isa = PBXBuildFile; fileRef = 31CD9EAE287F7F6900C8936B /* StoreTests.swift */; };
		31D1BF63285B8340007CFF8E /* Autobooks.framework in Frameworks */ = {isa = PBXBuildFile; fileRef = 31D1BF58285B833F007CFF8E /* Autobooks.framework */; };
		31D1BF7D285B84BA007CFF8E /* Autobooks.docc in Sources */ = {isa = PBXBuildFile; fileRef = 31D1BF7C285B84BA007CFF8E /* Autobooks.docc */; };
		31D1BF84285B859B007CFF8E /* Autobooks.swift in Sources */ = {isa = PBXBuildFile; fileRef = 31D1BF83285B859B007CFF8E /* Autobooks.swift */; };
		31D1BF85285B859F007CFF8E /* AutobooksTests.swift in Sources */ = {isa = PBXBuildFile; fileRef = 31D1BF82285B857A007CFF8E /* AutobooksTests.swift */; };
		31EFBA792863B35B0028A6FA /* ProximityReader.swift in Sources */ = {isa = PBXBuildFile; fileRef = 31EFBA742863B35B0028A6FA /* ProximityReader.swift */; };
		31EFBA7B2863B35B0028A6FA /* UnsupportedViewController.swift in Sources */ = {isa = PBXBuildFile; fileRef = 31EFBA772863B35B0028A6FA /* UnsupportedViewController.swift */; };
		31EFBA7C2863B35B0028A6FA /* SupportedFlowController.swift in Sources */ = {isa = PBXBuildFile; fileRef = 31EFBA782863B35B0028A6FA /* SupportedFlowController.swift */; };
		3A03C22628F76455009B580C /* Environment.swift in Sources */ = {isa = PBXBuildFile; fileRef = 3A03C22528F76455009B580C /* Environment.swift */; };
		3A14ABB928EE0DC6002D2A62 /* Banner.swift in Sources */ = {isa = PBXBuildFile; fileRef = 3A14ABB828EE0DC6002D2A62 /* Banner.swift */; };
		3A84D94C28E777C700B20A1B /* LoadableButton.swift in Sources */ = {isa = PBXBuildFile; fileRef = 3A84D94B28E777C700B20A1B /* LoadableButton.swift */; };
		E46CD19A28986F3A004B84D2 /* Assets.xcassets in Resources */ = {isa = PBXBuildFile; fileRef = E46CD19928986F3A004B84D2 /* Assets.xcassets */; };
/* End PBXBuildFile section */

/* Begin PBXContainerItemProxy section */
		31D1BF64285B8340007CFF8E /* PBXContainerItemProxy */ = {
			isa = PBXContainerItemProxy;
			containerPortal = 31D1BF4F285B833F007CFF8E /* Project object */;
			proxyType = 1;
			remoteGlobalIDString = 31D1BF57285B833F007CFF8E;
			remoteInfo = Autobooks;
		};
/* End PBXContainerItemProxy section */

/* Begin PBXFileReference section */
		31070A492880E0800016D4E1 /* TapToPayScreen.swift */ = {isa = PBXFileReference; fileEncoding = 4; lastKnownFileType = sourcecode.swift; path = TapToPayScreen.swift; sourceTree = "<group>"; };
		31070A4B2880E95F0016D4E1 /* PostsaleScreen.swift */ = {isa = PBXFileReference; lastKnownFileType = sourcecode.swift; path = PostsaleScreen.swift; sourceTree = "<group>"; };
		31092EAE2877333C0073BF68 /* Protected.swift */ = {isa = PBXFileReference; lastKnownFileType = sourcecode.swift; path = Protected.swift; sourceTree = "<group>"; };
		311F779E28749084002C27D5 /* RootDomain.swift */ = {isa = PBXFileReference; lastKnownFileType = sourcecode.swift; path = RootDomain.swift; sourceTree = "<group>"; };
		311F77A028749120002C27D5 /* Reducer.swift */ = {isa = PBXFileReference; lastKnownFileType = sourcecode.swift; path = Reducer.swift; sourceTree = "<group>"; };
		313E679F289AFB0600D0641F /* PaymentAmountView.swift */ = {isa = PBXFileReference; lastKnownFileType = sourcecode.swift; path = PaymentAmountView.swift; sourceTree = "<group>"; };
		3141B138289D6D9800E39DE3 /* AmountStateTests.swift */ = {isa = PBXFileReference; lastKnownFileType = sourcecode.swift; path = AmountStateTests.swift; sourceTree = "<group>"; };
		3141B13A289D9A1800E39DE3 /* ActionButtonStyle.swift */ = {isa = PBXFileReference; lastKnownFileType = sourcecode.swift; path = ActionButtonStyle.swift; sourceTree = "<group>"; };
		3156E24F28AC1B5A00767801 /* EmailTextField.swift */ = {isa = PBXFileReference; lastKnownFileType = sourcecode.swift; path = EmailTextField.swift; sourceTree = "<group>"; };
		3156E25128AC1B7900767801 /* ErrorText.swift */ = {isa = PBXFileReference; lastKnownFileType = sourcecode.swift; path = ErrorText.swift; sourceTree = "<group>"; };
		3159F53128AEFF8400266BCE /* TransactionDetailsScreen.swift */ = {isa = PBXFileReference; lastKnownFileType = sourcecode.swift; path = TransactionDetailsScreen.swift; sourceTree = "<group>"; };
		315BEDAD28D26F7B0022DFEA /* triPOSMobileSDK.xcframework */ = {isa = PBXFileReference; lastKnownFileType = wrapper.xcframework; name = triPOSMobileSDK.xcframework; path = "../../../Library/Developer/Xcode/DerivedData/AutobooksWorkspace-byfyymskpemvmpaavdlywsepkmkh/SourcePackages/checkouts/tripos-sdk-ios/triPOSMobileSDK.xcframework"; sourceTree = "<group>"; };
		3163008528AFE41400E062CD /* TransactionSummary.swift */ = {isa = PBXFileReference; lastKnownFileType = sourcecode.swift; path = TransactionSummary.swift; sourceTree = "<group>"; };
		31731A8F28A2FCB6004988A9 /* LoadingScreen.swift */ = {isa = PBXFileReference; lastKnownFileType = sourcecode.swift; path = LoadingScreen.swift; sourceTree = "<group>"; };
		317FCA42286A15E30002BE85 /* Extensions.swift */ = {isa = PBXFileReference; lastKnownFileType = sourcecode.swift; path = Extensions.swift; sourceTree = "<group>"; };
		318D60F128E246BE00FCB6C5 /* Nothing.swift */ = {isa = PBXFileReference; lastKnownFileType = sourcecode.swift; path = Nothing.swift; sourceTree = "<group>"; };
		3192204728B67885002139D4 /* ActivityProgressViewStyle.swift */ = {isa = PBXFileReference; lastKnownFileType = sourcecode.swift; path = ActivityProgressViewStyle.swift; sourceTree = "<group>"; };
		3192471F287497FF00B0F442 /* Store.swift */ = {isa = PBXFileReference; lastKnownFileType = sourcecode.swift; path = Store.swift; sourceTree = "<group>"; };
		31938AFA2864E30C0063E122 /* AutobooksAPI.swift */ = {isa = PBXFileReference; lastKnownFileType = sourcecode.swift; path = AutobooksAPI.swift; sourceTree = "<group>"; };
		31938AFC2864F5970063E122 /* Models.swift */ = {isa = PBXFileReference; lastKnownFileType = sourcecode.swift; path = Models.swift; sourceTree = "<group>"; };
		31938AFE2865114F0063E122 /* AutobooksAPITests.swift */ = {isa = PBXFileReference; lastKnownFileType = sourcecode.swift; path = AutobooksAPITests.swift; sourceTree = "<group>"; };
		31938B002865146B0063E122 /* Stubbing.swift */ = {isa = PBXFileReference; lastKnownFileType = sourcecode.swift; path = Stubbing.swift; sourceTree = "<group>"; };
		31938B02286514D10063E122 /* Requests.swift */ = {isa = PBXFileReference; lastKnownFileType = sourcecode.swift; path = Requests.swift; sourceTree = "<group>"; };
		31A737E528F9ED360007CEA3 /* WebFeatureViewController.swift */ = {isa = PBXFileReference; lastKnownFileType = sourcecode.swift; path = WebFeatureViewController.swift; sourceTree = "<group>"; };
		31ACDBDD2885E1D5000A95BA /* RootStoreTests.swift */ = {isa = PBXFileReference; lastKnownFileType = sourcecode.swift; path = RootStoreTests.swift; sourceTree = "<group>"; };
		31BE8CA428AD6EE400F4C13A /* TransactionsScreen.swift */ = {isa = PBXFileReference; lastKnownFileType = sourcecode.swift; path = TransactionsScreen.swift; sourceTree = "<group>"; };
		31C6F53A28A40ADA00718F12 /* WebViewScreen.swift */ = {isa = PBXFileReference; lastKnownFileType = sourcecode.swift; path = WebViewScreen.swift; sourceTree = "<group>"; };
		31C6F53C28A40B5C00718F12 /* NotEnabledScreen.swift */ = {isa = PBXFileReference; lastKnownFileType = sourcecode.swift; path = NotEnabledScreen.swift; sourceTree = "<group>"; };
		31C7AD5C28B555BE004CDC3E /* Defaults.swift */ = {isa = PBXFileReference; lastKnownFileType = sourcecode.swift; path = Defaults.swift; sourceTree = "<group>"; };
		31C7AD5E28B5577C004CDC3E /* StartingScreen.swift */ = {isa = PBXFileReference; lastKnownFileType = sourcecode.swift; path = StartingScreen.swift; sourceTree = "<group>"; };
		31C7AD6028B55840004CDC3E /* MessageActionView.swift */ = {isa = PBXFileReference; lastKnownFileType = sourcecode.swift; path = MessageActionView.swift; sourceTree = "<group>"; };
		31C9B67728F89CEC00B73C0B /* WebView.swift */ = {isa = PBXFileReference; lastKnownFileType = sourcecode.swift; path = WebView.swift; sourceTree = "<group>"; };
		31CD9EA4287DC18000C8936B /* Loadable.swift */ = {isa = PBXFileReference; lastKnownFileType = sourcecode.swift; path = Loadable.swift; sourceTree = "<group>"; };
		31CD9EA6287DEC8D00C8936B /* PresaleScreen.swift */ = {isa = PBXFileReference; lastKnownFileType = sourcecode.swift; path = PresaleScreen.swift; sourceTree = "<group>"; };
		31CD9EAB287E14E600C8936B /* PaymentSession.swift */ = {isa = PBXFileReference; lastKnownFileType = sourcecode.swift; path = PaymentSession.swift; sourceTree = "<group>"; };
		31CD9EAE287F7F6900C8936B /* StoreTests.swift */ = {isa = PBXFileReference; lastKnownFileType = sourcecode.swift; path = StoreTests.swift; sourceTree = "<group>"; };
		31D1BF58285B833F007CFF8E /* Autobooks.framework */ = {isa = PBXFileReference; explicitFileType = wrapper.framework; includeInIndex = 0; path = Autobooks.framework; sourceTree = BUILT_PRODUCTS_DIR; };
		31D1BF62285B8340007CFF8E /* AutobooksTests.xctest */ = {isa = PBXFileReference; explicitFileType = wrapper.cfbundle; includeInIndex = 0; path = AutobooksTests.xctest; sourceTree = BUILT_PRODUCTS_DIR; };
		31D1BF7C285B84BA007CFF8E /* Autobooks.docc */ = {isa = PBXFileReference; lastKnownFileType = folder.documentationcatalog; name = Autobooks.docc; path = Docs/Autobooks.docc; sourceTree = "<group>"; };
		31D1BF82285B857A007CFF8E /* AutobooksTests.swift */ = {isa = PBXFileReference; lastKnownFileType = sourcecode.swift; path = AutobooksTests.swift; sourceTree = "<group>"; };
		31D1BF83285B859B007CFF8E /* Autobooks.swift */ = {isa = PBXFileReference; fileEncoding = 4; lastKnownFileType = sourcecode.swift; path = Autobooks.swift; sourceTree = "<group>"; };
		31EFBA742863B35B0028A6FA /* ProximityReader.swift */ = {isa = PBXFileReference; fileEncoding = 4; lastKnownFileType = sourcecode.swift; path = ProximityReader.swift; sourceTree = "<group>"; };
		31EFBA772863B35B0028A6FA /* UnsupportedViewController.swift */ = {isa = PBXFileReference; fileEncoding = 4; lastKnownFileType = sourcecode.swift; path = UnsupportedViewController.swift; sourceTree = "<group>"; };
		31EFBA782863B35B0028A6FA /* SupportedFlowController.swift */ = {isa = PBXFileReference; fileEncoding = 4; lastKnownFileType = sourcecode.swift; path = SupportedFlowController.swift; sourceTree = "<group>"; };
		3A03C22528F76455009B580C /* Environment.swift */ = {isa = PBXFileReference; lastKnownFileType = sourcecode.swift; path = Environment.swift; sourceTree = "<group>"; };
		3A14ABB828EE0DC6002D2A62 /* Banner.swift */ = {isa = PBXFileReference; lastKnownFileType = sourcecode.swift; path = Banner.swift; sourceTree = "<group>"; };
		3A84D94B28E777C700B20A1B /* LoadableButton.swift */ = {isa = PBXFileReference; lastKnownFileType = sourcecode.swift; path = LoadableButton.swift; sourceTree = "<group>"; };
		E46CD19928986F3A004B84D2 /* Assets.xcassets */ = {isa = PBXFileReference; lastKnownFileType = folder.assetcatalog; path = Assets.xcassets; sourceTree = "<group>"; };
/* End PBXFileReference section */

/* Begin PBXFrameworksBuildPhase section */
		31D1BF55285B833F007CFF8E /* Frameworks */ = {
			isa = PBXFrameworksBuildPhase;
			buildActionMask = 2147483647;
			files = (
			);
			runOnlyForDeploymentPostprocessing = 0;
		};
		31D1BF5F285B8340007CFF8E /* Frameworks */ = {
			isa = PBXFrameworksBuildPhase;
			buildActionMask = 2147483647;
			files = (
				31D1BF63285B8340007CFF8E /* Autobooks.framework in Frameworks */,
			);
			runOnlyForDeploymentPostprocessing = 0;
		};
/* End PBXFrameworksBuildPhase section */

/* Begin PBXGroup section */
		31092EAD287733300073BF68 /* Utilities */ = {
			isa = PBXGroup;
			children = (
				31C7AD5C28B555BE004CDC3E /* Defaults.swift */,
				3A03C22528F76455009B580C /* Environment.swift */,
				317FCA42286A15E30002BE85 /* Extensions.swift */,
				31CD9EA4287DC18000C8936B /* Loadable.swift */,
				318D60F128E246BE00FCB6C5 /* Nothing.swift */,
				31092EAE2877333C0073BF68 /* Protected.swift */,
			);
			path = Utilities;
			sourceTree = "<group>";
		};
		311F779628748BB2002C27D5 /* Architecture */ = {
			isa = PBXGroup;
			children = (
				311F77A028749120002C27D5 /* Reducer.swift */,
				311F779E28749084002C27D5 /* RootDomain.swift */,
				3192471F287497FF00B0F442 /* Store.swift */,
			);
			path = Architecture;
			sourceTree = "<group>";
		};
		3156E24E28AC1B4B00767801 /* Views */ = {
			isa = PBXGroup;
			children = (
				3141B13A289D9A1800E39DE3 /* ActionButtonStyle.swift */,
				3192204728B67885002139D4 /* ActivityProgressViewStyle.swift */,
				3A14ABB828EE0DC6002D2A62 /* Banner.swift */,
				3156E24F28AC1B5A00767801 /* EmailTextField.swift */,
				3156E25128AC1B7900767801 /* ErrorText.swift */,
				3A84D94B28E777C700B20A1B /* LoadableButton.swift */,
				31C7AD6028B55840004CDC3E /* MessageActionView.swift */,
				313E679F289AFB0600D0641F /* PaymentAmountView.swift */,
				3163008528AFE41400E062CD /* TransactionSummary.swift */,
				31C9B67728F89CEC00B73C0B /* WebView.swift */,
			);
			path = Views;
			sourceTree = "<group>";
		};
		31745F8B28D269FC002B9BCC /* Frameworks */ = {
			isa = PBXGroup;
			children = (
				315BEDAD28D26F7B0022DFEA /* triPOSMobileSDK.xcframework */,
			);
			name = Frameworks;
			sourceTree = "<group>";
		};
		31938AF92864E2F70063E122 /* Networking */ = {
			isa = PBXGroup;
			children = (
				31938AFA2864E30C0063E122 /* AutobooksAPI.swift */,
				31938AFC2864F5970063E122 /* Models.swift */,
				31938B02286514D10063E122 /* Requests.swift */,
				31938B002865146B0063E122 /* Stubbing.swift */,
			);
			path = Networking;
			sourceTree = "<group>";
		};
		31CD9EB028805A9500C8936B /* ProximityReader */ = {
			isa = PBXGroup;
			children = (
				31CD9EAB287E14E600C8936B /* PaymentSession.swift */,
				31EFBA742863B35B0028A6FA /* ProximityReader.swift */,
			);
			path = ProximityReader;
			sourceTree = "<group>";
		};
		31D1BF4E285B833F007CFF8E = {
			isa = PBXGroup;
			children = (
				31D1BF7C285B84BA007CFF8E /* Autobooks.docc */,
				31D1BF80285B857A007CFF8E /* Sources */,
				31D1BF81285B857A007CFF8E /* Tests */,
				31D1BF59285B833F007CFF8E /* Products */,
				31745F8B28D269FC002B9BCC /* Frameworks */,
			);
			sourceTree = "<group>";
		};
		31D1BF59285B833F007CFF8E /* Products */ = {
			isa = PBXGroup;
			children = (
				31D1BF58285B833F007CFF8E /* Autobooks.framework */,
				31D1BF62285B8340007CFF8E /* AutobooksTests.xctest */,
			);
			name = Products;
			sourceTree = "<group>";
		};
		31D1BF80285B857A007CFF8E /* Sources */ = {
			isa = PBXGroup;
			children = (
				31D1BF83285B859B007CFF8E /* Autobooks.swift */,
				311F779628748BB2002C27D5 /* Architecture */,
				31938AF92864E2F70063E122 /* Networking */,
				31CD9EB028805A9500C8936B /* ProximityReader */,
				E46CD19828986F0F004B84D2 /* Resources */,
				31EFBA752863B35B0028A6FA /* UI */,
				31092EAD287733300073BF68 /* Utilities */,
			);
			path = Sources;
			sourceTree = "<group>";
		};
		31D1BF81285B857A007CFF8E /* Tests */ = {
			isa = PBXGroup;
			children = (
				3141B138289D6D9800E39DE3 /* AmountStateTests.swift */,
				31938AFE2865114F0063E122 /* AutobooksAPITests.swift */,
				31D1BF82285B857A007CFF8E /* AutobooksTests.swift */,
				31ACDBDD2885E1D5000A95BA /* RootStoreTests.swift */,
				31CD9EAE287F7F6900C8936B /* StoreTests.swift */,
			);
			path = Tests;
			sourceTree = "<group>";
		};
		31EFBA752863B35B0028A6FA /* UI */ = {
			isa = PBXGroup;
			children = (
				31731A8F28A2FCB6004988A9 /* LoadingScreen.swift */,
				31C6F53C28A40B5C00718F12 /* NotEnabledScreen.swift */,
				31070A4B2880E95F0016D4E1 /* PostsaleScreen.swift */,
				31CD9EA6287DEC8D00C8936B /* PresaleScreen.swift */,
				31C7AD5E28B5577C004CDC3E /* StartingScreen.swift */,
				31EFBA782863B35B0028A6FA /* SupportedFlowController.swift */,
				31070A492880E0800016D4E1 /* TapToPayScreen.swift */,
				3159F53128AEFF8400266BCE /* TransactionDetailsScreen.swift */,
				31BE8CA428AD6EE400F4C13A /* TransactionsScreen.swift */,
				31EFBA772863B35B0028A6FA /* UnsupportedViewController.swift */,
				31A737E528F9ED360007CEA3 /* WebFeatureViewController.swift */,
				31C6F53A28A40ADA00718F12 /* WebViewScreen.swift */,
				3156E24E28AC1B4B00767801 /* Views */,
			);
			path = UI;
			sourceTree = "<group>";
		};
		E46CD19828986F0F004B84D2 /* Resources */ = {
			isa = PBXGroup;
			children = (
				E46CD19928986F3A004B84D2 /* Assets.xcassets */,
			);
			path = Resources;
			sourceTree = "<group>";
		};
/* End PBXGroup section */

/* Begin PBXNativeTarget section */
		31D1BF57285B833F007CFF8E /* Autobooks */ = {
			isa = PBXNativeTarget;
			buildConfigurationList = 31D1BF6C285B8340007CFF8E /* Build configuration list for PBXNativeTarget "Autobooks" */;
			buildPhases = (
				31D1BF54285B833F007CFF8E /* Sources */,
				31D1BF55285B833F007CFF8E /* Frameworks */,
				31D1BF56285B833F007CFF8E /* Resources */,
			);
			buildRules = (
			);
			dependencies = (
			);
			name = Autobooks;
			packageProductDependencies = (
			);
			productName = Autobooks;
			productReference = 31D1BF58285B833F007CFF8E /* Autobooks.framework */;
			productType = "com.apple.product-type.framework";
		};
		31D1BF61285B8340007CFF8E /* AutobooksTests */ = {
			isa = PBXNativeTarget;
			buildConfigurationList = 31D1BF6F285B8340007CFF8E /* Build configuration list for PBXNativeTarget "AutobooksTests" */;
			buildPhases = (
				31D1BF5E285B8340007CFF8E /* Sources */,
				31D1BF5F285B8340007CFF8E /* Frameworks */,
				31D1BF60285B8340007CFF8E /* Resources */,
			);
			buildRules = (
			);
			dependencies = (
				31D1BF65285B8340007CFF8E /* PBXTargetDependency */,
			);
			name = AutobooksTests;
			productName = AutobooksTests;
			productReference = 31D1BF62285B8340007CFF8E /* AutobooksTests.xctest */;
			productType = "com.apple.product-type.bundle.unit-test";
		};
/* End PBXNativeTarget section */

/* Begin PBXProject section */
		31D1BF4F285B833F007CFF8E /* Project object */ = {
			isa = PBXProject;
			attributes = {
				BuildIndependentTargetsInParallel = 1;
				KnownAssetTags = (
					New,
				);
				LastSwiftUpdateCheck = 1340;
				LastUpgradeCheck = 1400;
				TargetAttributes = {
					31D1BF57285B833F007CFF8E = {
						CreatedOnToolsVersion = 13.4.1;
					};
					31D1BF61285B8340007CFF8E = {
						CreatedOnToolsVersion = 13.4.1;
					};
				};
			};
			buildConfigurationList = 31D1BF52285B833F007CFF8E /* Build configuration list for PBXProject "Autobooks" */;
			compatibilityVersion = "Xcode 13.0";
			developmentRegion = en;
			hasScannedForEncodings = 0;
			knownRegions = (
				en,
				Base,
			);
			mainGroup = 31D1BF4E285B833F007CFF8E;
			packageReferences = (
			);
			productRefGroup = 31D1BF59285B833F007CFF8E /* Products */;
			projectDirPath = "";
			projectRoot = "";
			targets = (
				31D1BF57285B833F007CFF8E /* Autobooks */,
				31D1BF61285B8340007CFF8E /* AutobooksTests */,
			);
		};
/* End PBXProject section */

/* Begin PBXResourcesBuildPhase section */
		31D1BF56285B833F007CFF8E /* Resources */ = {
			isa = PBXResourcesBuildPhase;
			buildActionMask = 2147483647;
			files = (
				E46CD19A28986F3A004B84D2 /* Assets.xcassets in Resources */,
			);
			runOnlyForDeploymentPostprocessing = 0;
		};
		31D1BF60285B8340007CFF8E /* Resources */ = {
			isa = PBXResourcesBuildPhase;
			buildActionMask = 2147483647;
			files = (
			);
			runOnlyForDeploymentPostprocessing = 0;
		};
/* End PBXResourcesBuildPhase section */

/* Begin PBXSourcesBuildPhase section */
		31D1BF54285B833F007CFF8E /* Sources */ = {
			isa = PBXSourcesBuildPhase;
			buildActionMask = 2147483647;
			files = (
				3159F53228AEFF8400266BCE /* TransactionDetailsScreen.swift in Sources */,
				31938B012865146B0063E122 /* Stubbing.swift in Sources */,
				31EFBA7B2863B35B0028A6FA /* UnsupportedViewController.swift in Sources */,
				31CD9EAC287E14E600C8936B /* PaymentSession.swift in Sources */,
				311F77A128749120002C27D5 /* Reducer.swift in Sources */,
				31C7AD5D28B555BE004CDC3E /* Defaults.swift in Sources */,
				3156E25028AC1B5A00767801 /* EmailTextField.swift in Sources */,
				318D60F228E246BE00FCB6C5 /* Nothing.swift in Sources */,
				31938B03286514D10063E122 /* Requests.swift in Sources */,
				3192204828B67885002139D4 /* ActivityProgressViewStyle.swift in Sources */,
				3141B13B289D9A1800E39DE3 /* ActionButtonStyle.swift in Sources */,
				31D1BF7D285B84BA007CFF8E /* Autobooks.docc in Sources */,
				31092EAF2877333C0073BF68 /* Protected.swift in Sources */,
				31938AFD2864F5970063E122 /* Models.swift in Sources */,
				31C7AD6128B55840004CDC3E /* MessageActionView.swift in Sources */,
				31C9B67828F89CEC00B73C0B /* WebView.swift in Sources */,
				3A03C22628F76455009B580C /* Environment.swift in Sources */,
				31D1BF84285B859B007CFF8E /* Autobooks.swift in Sources */,
				31CD9EA5287DC18000C8936B /* Loadable.swift in Sources */,
				31EFBA792863B35B0028A6FA /* ProximityReader.swift in Sources */,
				31924720287497FF00B0F442 /* Store.swift in Sources */,
				3163008628AFE41400E062CD /* TransactionSummary.swift in Sources */,
				31C6F53B28A40ADA00718F12 /* WebViewScreen.swift in Sources */,
				31070A4A2880E0800016D4E1 /* TapToPayScreen.swift in Sources */,
				3156E25228AC1B7900767801 /* ErrorText.swift in Sources */,
				31EFBA7C2863B35B0028A6FA /* SupportedFlowController.swift in Sources */,
				313E67A0289AFB0600D0641F /* PaymentAmountView.swift in Sources */,
				31070A4C2880E95F0016D4E1 /* PostsaleScreen.swift in Sources */,
				31BE8CA528AD6EE400F4C13A /* TransactionsScreen.swift in Sources */,
				31A737E628F9ED360007CEA3 /* WebFeatureViewController.swift in Sources */,
				31CD9EA7287DEC8D00C8936B /* PresaleScreen.swift in Sources */,
				31731A9028A2FCB6004988A9 /* LoadingScreen.swift in Sources */,
				31C7AD5F28B5577C004CDC3E /* StartingScreen.swift in Sources */,
				3A84D94C28E777C700B20A1B /* LoadableButton.swift in Sources */,
				317FCA43286A15E30002BE85 /* Extensions.swift in Sources */,
				311F779F28749084002C27D5 /* RootDomain.swift in Sources */,
				31938AFB2864E30C0063E122 /* AutobooksAPI.swift in Sources */,
				3A14ABB928EE0DC6002D2A62 /* Banner.swift in Sources */,
				31C6F53D28A40B5C00718F12 /* NotEnabledScreen.swift in Sources */,
			);
			runOnlyForDeploymentPostprocessing = 0;
		};
		31D1BF5E285B8340007CFF8E /* Sources */ = {
			isa = PBXSourcesBuildPhase;
			buildActionMask = 2147483647;
			files = (
				31938AFF2865114F0063E122 /* AutobooksAPITests.swift in Sources */,
				31D1BF85285B859F007CFF8E /* AutobooksTests.swift in Sources */,
				31CD9EAF287F7F6A00C8936B /* StoreTests.swift in Sources */,
				3141B139289D6D9800E39DE3 /* AmountStateTests.swift in Sources */,
				31ACDBDE2885E1D5000A95BA /* RootStoreTests.swift in Sources */,
			);
			runOnlyForDeploymentPostprocessing = 0;
		};
/* End PBXSourcesBuildPhase section */

/* Begin PBXTargetDependency section */
		31D1BF65285B8340007CFF8E /* PBXTargetDependency */ = {
			isa = PBXTargetDependency;
			target = 31D1BF57285B833F007CFF8E /* Autobooks */;
			targetProxy = 31D1BF64285B8340007CFF8E /* PBXContainerItemProxy */;
		};
/* End PBXTargetDependency section */

/* Begin XCBuildConfiguration section */
		31D1BF6A285B8340007CFF8E /* Debug */ = {
			isa = XCBuildConfiguration;
			buildSettings = {
				ALWAYS_SEARCH_USER_PATHS = NO;
				CLANG_ANALYZER_NONNULL = YES;
				CLANG_ANALYZER_NUMBER_OBJECT_CONVERSION = YES_AGGRESSIVE;
				CLANG_CXX_LANGUAGE_STANDARD = "gnu++17";
				CLANG_ENABLE_MODULES = YES;
				CLANG_ENABLE_OBJC_ARC = YES;
				CLANG_ENABLE_OBJC_WEAK = YES;
				CLANG_WARN_BLOCK_CAPTURE_AUTORELEASING = YES;
				CLANG_WARN_BOOL_CONVERSION = YES;
				CLANG_WARN_COMMA = YES;
				CLANG_WARN_CONSTANT_CONVERSION = YES;
				CLANG_WARN_DEPRECATED_OBJC_IMPLEMENTATIONS = YES;
				CLANG_WARN_DIRECT_OBJC_ISA_USAGE = YES_ERROR;
				CLANG_WARN_DOCUMENTATION_COMMENTS = YES;
				CLANG_WARN_EMPTY_BODY = YES;
				CLANG_WARN_ENUM_CONVERSION = YES;
				CLANG_WARN_INFINITE_RECURSION = YES;
				CLANG_WARN_INT_CONVERSION = YES;
				CLANG_WARN_NON_LITERAL_NULL_CONVERSION = YES;
				CLANG_WARN_OBJC_IMPLICIT_RETAIN_SELF = YES;
				CLANG_WARN_OBJC_LITERAL_CONVERSION = YES;
				CLANG_WARN_OBJC_ROOT_CLASS = YES_ERROR;
				CLANG_WARN_QUOTED_INCLUDE_IN_FRAMEWORK_HEADER = YES;
				CLANG_WARN_RANGE_LOOP_ANALYSIS = YES;
				CLANG_WARN_STRICT_PROTOTYPES = YES;
				CLANG_WARN_SUSPICIOUS_MOVE = YES;
				CLANG_WARN_UNGUARDED_AVAILABILITY = YES_AGGRESSIVE;
				CLANG_WARN_UNREACHABLE_CODE = YES;
				CLANG_WARN__DUPLICATE_METHOD_MATCH = YES;
				COPY_PHASE_STRIP = NO;
				CURRENT_PROJECT_VERSION = 1;
				DEBUG_INFORMATION_FORMAT = dwarf;
				EAGER_LINKING = YES;
				ENABLE_STRICT_OBJC_MSGSEND = YES;
				ENABLE_TESTABILITY = YES;
				GCC_C_LANGUAGE_STANDARD = gnu11;
				GCC_DYNAMIC_NO_PIC = NO;
				GCC_NO_COMMON_BLOCKS = YES;
				GCC_OPTIMIZATION_LEVEL = 0;
				GCC_PREPROCESSOR_DEFINITIONS = (
					"DEBUG=1",
					"$(inherited)",
				);
				GCC_WARN_64_TO_32_BIT_CONVERSION = YES;
				GCC_WARN_ABOUT_RETURN_TYPE = YES_ERROR;
				GCC_WARN_UNDECLARED_SELECTOR = YES;
				GCC_WARN_UNINITIALIZED_AUTOS = YES_AGGRESSIVE;
				GCC_WARN_UNUSED_FUNCTION = YES;
				GCC_WARN_UNUSED_VARIABLE = YES;
				IPHONEOS_DEPLOYMENT_TARGET = 12.0;
				MTL_ENABLE_DEBUG_INFO = INCLUDE_SOURCE;
				MTL_FAST_MATH = YES;
				ONLY_ACTIVE_ARCH = YES;
				SDKROOT = iphoneos;
				SWIFT_ACTIVE_COMPILATION_CONDITIONS = DEBUG;
				SWIFT_OPTIMIZATION_LEVEL = "-Onone";
				VERSIONING_SYSTEM = "apple-generic";
				VERSION_INFO_PREFIX = "";
			};
			name = Debug;
		};
		31D1BF6B285B8340007CFF8E /* Release */ = {
			isa = XCBuildConfiguration;
			buildSettings = {
				ALWAYS_SEARCH_USER_PATHS = NO;
				CLANG_ANALYZER_NONNULL = YES;
				CLANG_ANALYZER_NUMBER_OBJECT_CONVERSION = YES_AGGRESSIVE;
				CLANG_CXX_LANGUAGE_STANDARD = "gnu++17";
				CLANG_ENABLE_MODULES = YES;
				CLANG_ENABLE_OBJC_ARC = YES;
				CLANG_ENABLE_OBJC_WEAK = YES;
				CLANG_WARN_BLOCK_CAPTURE_AUTORELEASING = YES;
				CLANG_WARN_BOOL_CONVERSION = YES;
				CLANG_WARN_COMMA = YES;
				CLANG_WARN_CONSTANT_CONVERSION = YES;
				CLANG_WARN_DEPRECATED_OBJC_IMPLEMENTATIONS = YES;
				CLANG_WARN_DIRECT_OBJC_ISA_USAGE = YES_ERROR;
				CLANG_WARN_DOCUMENTATION_COMMENTS = YES;
				CLANG_WARN_EMPTY_BODY = YES;
				CLANG_WARN_ENUM_CONVERSION = YES;
				CLANG_WARN_INFINITE_RECURSION = YES;
				CLANG_WARN_INT_CONVERSION = YES;
				CLANG_WARN_NON_LITERAL_NULL_CONVERSION = YES;
				CLANG_WARN_OBJC_IMPLICIT_RETAIN_SELF = YES;
				CLANG_WARN_OBJC_LITERAL_CONVERSION = YES;
				CLANG_WARN_OBJC_ROOT_CLASS = YES_ERROR;
				CLANG_WARN_QUOTED_INCLUDE_IN_FRAMEWORK_HEADER = YES;
				CLANG_WARN_RANGE_LOOP_ANALYSIS = YES;
				CLANG_WARN_STRICT_PROTOTYPES = YES;
				CLANG_WARN_SUSPICIOUS_MOVE = YES;
				CLANG_WARN_UNGUARDED_AVAILABILITY = YES_AGGRESSIVE;
				CLANG_WARN_UNREACHABLE_CODE = YES;
				CLANG_WARN__DUPLICATE_METHOD_MATCH = YES;
				COPY_PHASE_STRIP = NO;
				CURRENT_PROJECT_VERSION = 1;
				DEBUG_INFORMATION_FORMAT = "dwarf-with-dsym";
				EAGER_LINKING = YES;
				ENABLE_NS_ASSERTIONS = NO;
				ENABLE_STRICT_OBJC_MSGSEND = YES;
				GCC_C_LANGUAGE_STANDARD = gnu11;
				GCC_NO_COMMON_BLOCKS = YES;
				GCC_WARN_64_TO_32_BIT_CONVERSION = YES;
				GCC_WARN_ABOUT_RETURN_TYPE = YES_ERROR;
				GCC_WARN_UNDECLARED_SELECTOR = YES;
				GCC_WARN_UNINITIALIZED_AUTOS = YES_AGGRESSIVE;
				GCC_WARN_UNUSED_FUNCTION = YES;
				GCC_WARN_UNUSED_VARIABLE = YES;
				IPHONEOS_DEPLOYMENT_TARGET = 12.0;
				MTL_ENABLE_DEBUG_INFO = NO;
				MTL_FAST_MATH = YES;
				SDKROOT = iphoneos;
				SWIFT_COMPILATION_MODE = wholemodule;
				SWIFT_OPTIMIZATION_LEVEL = "-O";
				VALIDATE_PRODUCT = YES;
				VERSIONING_SYSTEM = "apple-generic";
				VERSION_INFO_PREFIX = "";
			};
			name = Release;
		};
		31D1BF6D285B8340007CFF8E /* Debug */ = {
			isa = XCBuildConfiguration;
			buildSettings = {
				CURRENT_PROJECT_VERSION = 1;
				DEFINES_MODULE = YES;
				DYLIB_COMPATIBILITY_VERSION = 1;
				DYLIB_CURRENT_VERSION = 1;
				DYLIB_INSTALL_NAME_BASE = "@rpath";
				GENERATE_INFOPLIST_FILE = YES;
				INSTALL_PATH = "$(LOCAL_LIBRARY_DIR)/Frameworks";
				LD_RUNPATH_SEARCH_PATHS = (
					"$(inherited)",
					"@executable_path/Frameworks",
					"@loader_path/Frameworks",
				);
				MARKETING_VERSION = 1.0;
				PRODUCT_BUNDLE_IDENTIFIER = co.autobooks.Autobooks;
				PRODUCT_NAME = "$(TARGET_NAME:c99extidentifier)";
				PROVISIONING_PROFILE_SPECIFIER = "";
				"PROVISIONING_PROFILE_SPECIFIER[sdk=macosx*]" = "";
				SKIP_INSTALL = YES;
				SUPPORTED_PLATFORMS = "iphoneos iphonesimulator";
				SUPPORTS_MACCATALYST = NO;
				SUPPORTS_MAC_DESIGNED_FOR_IPHONE_IPAD = NO;
				SWIFT_EMIT_LOC_STRINGS = YES;
				SWIFT_VERSION = 5.0;
				TARGETED_DEVICE_FAMILY = 1;
			};
			name = Debug;
		};
		31D1BF6E285B8340007CFF8E /* Release */ = {
			isa = XCBuildConfiguration;
			buildSettings = {
				CURRENT_PROJECT_VERSION = 1;
				DEFINES_MODULE = YES;
				DYLIB_COMPATIBILITY_VERSION = 1;
				DYLIB_CURRENT_VERSION = 1;
				DYLIB_INSTALL_NAME_BASE = "@rpath";
				GENERATE_INFOPLIST_FILE = YES;
				INSTALL_PATH = "$(LOCAL_LIBRARY_DIR)/Frameworks";
				LD_RUNPATH_SEARCH_PATHS = (
					"$(inherited)",
					"@executable_path/Frameworks",
					"@loader_path/Frameworks",
				);
				MARKETING_VERSION = 1.0;
				PRODUCT_BUNDLE_IDENTIFIER = co.autobooks.Autobooks;
				PRODUCT_NAME = "$(TARGET_NAME:c99extidentifier)";
				PROVISIONING_PROFILE_SPECIFIER = "";
				"PROVISIONING_PROFILE_SPECIFIER[sdk=macosx*]" = "";
				SKIP_INSTALL = YES;
				SUPPORTED_PLATFORMS = "iphoneos iphonesimulator";
				SUPPORTS_MACCATALYST = NO;
				SUPPORTS_MAC_DESIGNED_FOR_IPHONE_IPAD = NO;
				SWIFT_EMIT_LOC_STRINGS = YES;
				SWIFT_VERSION = 5.0;
				TARGETED_DEVICE_FAMILY = 1;
			};
			name = Release;
		};
		31D1BF70285B8340007CFF8E /* Debug */ = {
			isa = XCBuildConfiguration;
			buildSettings = {
				ALWAYS_EMBED_SWIFT_STANDARD_LIBRARIES = YES;
				CODE_SIGN_STYLE = Manual;
				CURRENT_PROJECT_VERSION = 1;
				GENERATE_INFOPLIST_FILE = YES;
				MARKETING_VERSION = 1.0;
				PRODUCT_BUNDLE_IDENTIFIER = co.autobooks.AutobooksTests;
				PRODUCT_NAME = "$(TARGET_NAME)";
				PROVISIONING_PROFILE_SPECIFIER = "";
				"PROVISIONING_PROFILE_SPECIFIER[sdk=macosx*]" = "";
				SWIFT_EMIT_LOC_STRINGS = NO;
				SWIFT_VERSION = 5.0;
			};
			name = Debug;
		};
		31D1BF71285B8340007CFF8E /* Release */ = {
			isa = XCBuildConfiguration;
			buildSettings = {
				ALWAYS_EMBED_SWIFT_STANDARD_LIBRARIES = YES;
				CODE_SIGN_STYLE = Manual;
				CURRENT_PROJECT_VERSION = 1;
				GENERATE_INFOPLIST_FILE = YES;
				MARKETING_VERSION = 1.0;
				PRODUCT_BUNDLE_IDENTIFIER = co.autobooks.AutobooksTests;
				PRODUCT_NAME = "$(TARGET_NAME)";
				PROVISIONING_PROFILE_SPECIFIER = "";
				"PROVISIONING_PROFILE_SPECIFIER[sdk=macosx*]" = "";
				SWIFT_EMIT_LOC_STRINGS = NO;
				SWIFT_VERSION = 5.0;
			};
			name = Release;
		};
/* End XCBuildConfiguration section */

/* Begin XCConfigurationList section */
		31D1BF52285B833F007CFF8E /* Build configuration list for PBXProject "Autobooks" */ = {
			isa = XCConfigurationList;
			buildConfigurations = (
				31D1BF6A285B8340007CFF8E /* Debug */,
				31D1BF6B285B8340007CFF8E /* Release */,
			);
			defaultConfigurationIsVisible = 0;
			defaultConfigurationName = Release;
		};
		31D1BF6C285B8340007CFF8E /* Build configuration list for PBXNativeTarget "Autobooks" */ = {
			isa = XCConfigurationList;
			buildConfigurations = (
				31D1BF6D285B8340007CFF8E /* Debug */,
				31D1BF6E285B8340007CFF8E /* Release */,
			);
			defaultConfigurationIsVisible = 0;
			defaultConfigurationName = Release;
		};
		31D1BF6F285B8340007CFF8E /* Build configuration list for PBXNativeTarget "AutobooksTests" */ = {
			isa = XCConfigurationList;
			buildConfigurations = (
				31D1BF70285B8340007CFF8E /* Debug */,
				31D1BF71285B8340007CFF8E /* Release */,
			);
			defaultConfigurationIsVisible = 0;
			defaultConfigurationName = Release;
		};
/* End XCConfigurationList section */
	};
	rootObject = 31D1BF4F285B833F007CFF8E /* Project object */;
}
